
Microsoft Visual Studio Solution File, Format Version 12.00
# Visual Studio Version 16
VisualStudioVersion = 16.0.31410.357
MinimumVisualStudioVersion = 10.0.40219.1
Project("{FAE04EC0-301F-11D3-BF4B-00C04F79EFBC}") = "OfficeStuff", "OfficeStuff\OfficeStuff.csproj", "{4F29B4A2-4ABA-4DC4-8502-AA82CF093BC3}"
EndProject
Global
	GlobalSection(SolutionConfigurationPlatforms) = preSolution
		Debug|Any CPU = Debug|Any CPU
		Release|Any CPU = Release|Any CPU
	EndGlobalSection
	GlobalSection(ProjectConfigurationPlatforms) = postSolution
		{4F29B4A2-4ABA-4DC4-8502-AA82CF093BC3}.Debug|Any CPU.ActiveCfg = Debug|Any CPU
		{4F29B4A2-4ABA-4DC4-8502-AA82CF093BC3}.Debug|Any CPU.Build.0 = Debug|Any CPU
		{4F29B4A2-4ABA-4DC4-8502-AA82CF093BC3}.Release|Any CPU.ActiveCfg = Release|Any CPU
		{4F29B4A2-4ABA-4DC4-8502-AA82CF093BC3}.Release|Any CPU.Build.0 = Release|Any CPU
	EndGlobalSection
	GlobalSection(SolutionProperties) = preSolution
		HideSolutionNode = FALSE
	EndGlobalSection
	GlobalSection(ExtensibilityGlobals) = postSolution
		SolutionGuid = {10087838-8A20-42A6-86D4-70D255897603}
	EndGlobalSection
EndGlobal
