
Microsoft Visual Studio Solution File, Format Version 12.00
# Visual Studio 15
VisualStudioVersion = 15.0.28307.1525
MinimumVisualStudioVersion = 10.0.40219.1
Project("{FAE04EC0-301F-11D3-BF4B-00C04F79EFBC}") = "Bakery", "Bakery\Bakery.csproj", "{A55D9714-6D77-48AF-AA4A-050CD25F5ED7}"
EndProject
Global
	GlobalSection(SolutionConfigurationPlatforms) = preSolution
		Debug|Any CPU = Debug|Any CPU
		Release|Any CPU = Release|Any CPU
	EndGlobalSection
	GlobalSection(ProjectConfigurationPlatforms) = postSolution
		{A55D9714-6D77-48AF-AA4A-050CD25F5ED7}.Debug|Any CPU.ActiveCfg = Debug|Any CPU
		{A55D9714-6D77-48AF-AA4A-050CD25F5ED7}.Debug|Any CPU.Build.0 = Debug|Any CPU
		{A55D9714-6D77-48AF-AA4A-050CD25F5ED7}.Release|Any CPU.ActiveCfg = Release|Any CPU
		{A55D9714-6D77-48AF-AA4A-050CD25F5ED7}.Release|Any CPU.Build.0 = Release|Any CPU
	EndGlobalSection
	GlobalSection(SolutionProperties) = preSolution
		HideSolutionNode = FALSE
	EndGlobalSection
	GlobalSection(ExtensibilityGlobals) = postSolution
		SolutionGuid = {81F8F964-92A0-4543-A19D-6CCCF1646EBE}
	EndGlobalSection
EndGlobal
