
Microsoft Visual Studio Solution File, Format Version 12.00
# Visual Studio Version 16
VisualStudioVersion = 16.0.31410.357
MinimumVisualStudioVersion = 10.0.40219.1
Project("{FAE04EC0-301F-11D3-BF4B-00C04F79EFBC}") = "OnlineVoting", "OnlineVoting\OnlineVoting.csproj", "{4DB4BB60-E2E9-4EA9-8830-9455638C5D8C}"
EndProject
Project("{FAE04EC0-301F-11D3-BF4B-00C04F79EFBC}") = "OnlineVotingTest", "OnlineVotingTest\OnlineVotingTest.csproj", "{F45F09BB-A397-49B7-96EB-EE91C2593CAC}"
EndProject
Global
	GlobalSection(SolutionConfigurationPlatforms) = preSolution
		Debug|Any CPU = Debug|Any CPU
		Release|Any CPU = Release|Any CPU
	EndGlobalSection
	GlobalSection(ProjectConfigurationPlatforms) = postSolution
		{4DB4BB60-E2E9-4EA9-8830-9455638C5D8C}.Debug|Any CPU.ActiveCfg = Debug|Any CPU
		{4DB4BB60-E2E9-4EA9-8830-9455638C5D8C}.Debug|Any CPU.Build.0 = Debug|Any CPU
		{4DB4BB60-E2E9-4EA9-8830-9455638C5D8C}.Release|Any CPU.ActiveCfg = Release|Any CPU
		{4DB4BB60-E2E9-4EA9-8830-9455638C5D8C}.Release|Any CPU.Build.0 = Release|Any CPU
		{F45F09BB-A397-49B7-96EB-EE91C2593CAC}.Debug|Any CPU.ActiveCfg = Debug|Any CPU
		{F45F09BB-A397-49B7-96EB-EE91C2593CAC}.Debug|Any CPU.Build.0 = Debug|Any CPU
		{F45F09BB-A397-49B7-96EB-EE91C2593CAC}.Release|Any CPU.ActiveCfg = Release|Any CPU
		{F45F09BB-A397-49B7-96EB-EE91C2593CAC}.Release|Any CPU.Build.0 = Release|Any CPU
	EndGlobalSection
	GlobalSection(SolutionProperties) = preSolution
		HideSolutionNode = FALSE
	EndGlobalSection
	GlobalSection(ExtensibilityGlobals) = postSolution
		SolutionGuid = {96C96D4C-0CA2-42F1-990D-EBEA09C6ED64}
	EndGlobalSection
EndGlobal
