
Microsoft Visual Studio Solution File, Format Version 12.00
# Visual Studio 15
VisualStudioVersion = 15.0.28307.1525
MinimumVisualStudioVersion = 10.0.40219.1
Project("{FAE04EC0-301F-11D3-BF4B-00C04F79EFBC}") = "SumOfLargeNumbers", "SumOfLargeNumbers\SumOfLargeNumbers.csproj", "{5645AABD-09ED-42B9-9620-9ED0E32A9B43}"
EndProject
Global
	GlobalSection(SolutionConfigurationPlatforms) = preSolution
		Debug|Any CPU = Debug|Any CPU
		Release|Any CPU = Release|Any CPU
	EndGlobalSection
	GlobalSection(ProjectConfigurationPlatforms) = postSolution
		{5645AABD-09ED-42B9-9620-9ED0E32A9B43}.Debug|Any CPU.ActiveCfg = Debug|Any CPU
		{5645AABD-09ED-42B9-9620-9ED0E32A9B43}.Debug|Any CPU.Build.0 = Debug|Any CPU
		{5645AABD-09ED-42B9-9620-9ED0E32A9B43}.Release|Any CPU.ActiveCfg = Release|Any CPU
		{5645AABD-09ED-42B9-9620-9ED0E32A9B43}.Release|Any CPU.Build.0 = Release|Any CPU
	EndGlobalSection
	GlobalSection(SolutionProperties) = preSolution
		HideSolutionNode = FALSE
	EndGlobalSection
	GlobalSection(ExtensibilityGlobals) = postSolution
		SolutionGuid = {DE40F086-49E5-4034-AF8D-83CF52BF9A01}
	EndGlobalSection
EndGlobal
