
Microsoft Visual Studio Solution File, Format Version 12.00
# Visual Studio 15
VisualStudioVersion = 15.0.28307.1525
MinimumVisualStudioVersion = 10.0.40219.1
Project("{FAE04EC0-301F-11D3-BF4B-00C04F79EFBC}") = "BoxData", "BoxData\BoxData.csproj", "{0BBDCB2F-EBA1-421D-B620-597F4B93C13F}"
EndProject
Global
	GlobalSection(SolutionConfigurationPlatforms) = preSolution
		Debug|Any CPU = Debug|Any CPU
		Release|Any CPU = Release|Any CPU
	EndGlobalSection
	GlobalSection(ProjectConfigurationPlatforms) = postSolution
		{0BBDCB2F-EBA1-421D-B620-597F4B93C13F}.Debug|Any CPU.ActiveCfg = Debug|Any CPU
		{0BBDCB2F-EBA1-421D-B620-597F4B93C13F}.Debug|Any CPU.Build.0 = Debug|Any CPU
		{0BBDCB2F-EBA1-421D-B620-597F4B93C13F}.Release|Any CPU.ActiveCfg = Release|Any CPU
		{0BBDCB2F-EBA1-421D-B620-597F4B93C13F}.Release|Any CPU.Build.0 = Release|Any CPU
	EndGlobalSection
	GlobalSection(SolutionProperties) = preSolution
		HideSolutionNode = FALSE
	EndGlobalSection
	GlobalSection(ExtensibilityGlobals) = postSolution
		SolutionGuid = {337EE55C-BE35-46C2-A6DC-2A3B998C3528}
	EndGlobalSection
EndGlobal
