
Microsoft Visual Studio Solution File, Format Version 12.00
# Visual Studio 15
VisualStudioVersion = 15.0.28307.1525
MinimumVisualStudioVersion = 10.0.40219.1
Project("{FAE04EC0-301F-11D3-BF4B-00C04F79EFBC}") = "Chaper20.1", "Chaper20.1\Chaper20.1.csproj", "{BF979A0E-B592-4E68-9244-D691620F4988}"
EndProject
Global
	GlobalSection(SolutionConfigurationPlatforms) = preSolution
		Debug|Any CPU = Debug|Any CPU
		Release|Any CPU = Release|Any CPU
	EndGlobalSection
	GlobalSection(ProjectConfigurationPlatforms) = postSolution
		{BF979A0E-B592-4E68-9244-D691620F4988}.Debug|Any CPU.ActiveCfg = Debug|Any CPU
		{BF979A0E-B592-4E68-9244-D691620F4988}.Debug|Any CPU.Build.0 = Debug|Any CPU
		{BF979A0E-B592-4E68-9244-D691620F4988}.Release|Any CPU.ActiveCfg = Release|Any CPU
		{BF979A0E-B592-4E68-9244-D691620F4988}.Release|Any CPU.Build.0 = Release|Any CPU
	EndGlobalSection
	GlobalSection(SolutionProperties) = preSolution
		HideSolutionNode = FALSE
	EndGlobalSection
	GlobalSection(ExtensibilityGlobals) = postSolution
		SolutionGuid = {26F75296-D26C-4EC4-ADAF-1BE500360C55}
	EndGlobalSection
EndGlobal
